<?xml version="1.0" encoding="utf-8"?>
<Project ToolsVersion="4.0" xmlns="http://schemas.microsoft.com/developer/msbuild/2003">
  <ItemGroup>
    <ClCompile Include="HashMapTests.cpp">
      <Filter>Tests</Filter>
    </ClCompile>
    <ClCompile Include="DefaultHashTests.cpp">
      <Filter>Tests</Filter>
    </ClCompile>
    <ClCompile Include="IteratorTests.cpp">
      <Filter>Tests</Filter>
    </ClCompile>
    <ClCompile Include="LinkedListTests.cpp">
      <Filter>Tests</Filter>
    </ClCompile>
    <ClCompile Include="VectorTests.cpp">
      <Filter>Tests</Filter>
    </ClCompile>
    <ClCompile Include="Bar.cpp">
      <Filter>Support Classes</Filter>
    </ClCompile>
    <ClCompile Include="Foo.cpp">
      <Filter>Support Classes</Filter>
    </ClCompile>
    <ClCompile Include="FooTests.cpp">
      <Filter>Tests</Filter>
    </ClCompile>
    <ClCompile Include="pch.cpp">
      <Filter>Support Classes</Filter>
    </ClCompile>
    <ClCompile Include="DatumTests.cpp">
      <Filter>Tests</Filter>
    </ClCompile>
    <ClCompile Include="ScopeTests.cpp">
      <Filter>Tests</Filter>
    </ClCompile>
    <ClCompile Include="AttributedTests.cpp">
      <Filter>Tests</Filter>
    </ClCompile>
    <ClCompile Include="TypeManagerTests.cpp">
      <Filter>Tests</Filter>
    </ClCompile>
    <ClCompile Include="AttributedFoo.cpp">
      <Filter>Support Classes</Filter>
    </ClCompile>
    <ClCompile Include="ParseCoordinatorTests.cpp">
      <Filter>Tests</Filter>
    </ClCompile>
    <ClCompile Include="JsonTestParseHelper.cpp">
      <Filter>Support Classes</Filter>
    </ClCompile>
    <ClCompile Include="BarTests.cpp">
      <Filter>Tests</Filter>
    </ClCompile>
    <ClCompile Include="FactoryTests.cpp">
      <Filter>Tests</Filter>
    </ClCompile>
    <ClCompile Include="EntityTests.cpp">
      <Filter>Tests</Filter>
    </ClCompile>
    <ClCompile Include="Power.cpp">
      <Filter>Support Classes</Filter>
    </ClCompile>
    <ClCompile Include="TestMonster.cpp">
      <Filter>Support Classes</Filter>
    </ClCompile>
    <ClCompile Include="ActionTests.cpp">
      <Filter>Tests</Filter>
    </ClCompile>
    <ClCompile Include="EventTests.cpp">
      <Filter>Tests</Filter>
    </ClCompile>
    <ClCompile Include="JsonIntegerParseHelper.cpp">
      <Filter>Support Classes</Filter>
    </ClCompile>
    <ClCompile Include="ReactionTests.cpp">
      <Filter>Tests</Filter>
    </ClCompile>
    <ClCompile Include="TestReaction.cpp">
      <Filter>Support Classes</Filter>
    </ClCompile>
  </ItemGroup>
  <ItemGroup>
    <ClInclude Include="ToStringSpecializations.h" />
    <ClInclude Include="Bar.h">
      <Filter>Support Classes</Filter>
    </ClInclude>
    <ClInclude Include="Foo.h">
      <Filter>Support Classes</Filter>
    </ClInclude>
    <ClInclude Include="pch.h">
      <Filter>Support Classes</Filter>
    </ClInclude>
    <ClInclude Include="AttributedFoo.h">
      <Filter>Support Classes</Filter>
    </ClInclude>
    <ClInclude Include="JsonTestParseHelper.h">
      <Filter>Support Classes</Filter>
    </ClInclude>
    <ClInclude Include="Power.h">
      <Filter>Support Classes</Filter>
    </ClInclude>
    <ClInclude Include="TestMonster.h">
      <Filter>Support Classes</Filter>
    </ClInclude>
    <ClInclude Include="JsonIntegerParseHelper.h">
      <Filter>Support Classes</Filter>
    </ClInclude>
    <ClInclude Include="TestReaction.h">
      <Filter>Support Classes</Filter>
    </ClInclude>
  </ItemGroup>
  <ItemGroup>
    <Filter Include="Tests">
      <UniqueIdentifier>{b4cfa5f5-dc17-4b6f-ad76-5ebbc6c26fe2}</UniqueIdentifier>
    </Filter>
    <Filter Include="Support Classes">
      <UniqueIdentifier>{b5d4d525-e11f-4c52-bb80-ef479ce27105}</UniqueIdentifier>
    </Filter>
    <Filter Include="JSONs">
      <UniqueIdentifier>{1ad026cf-5f33-4ab0-b6d8-9253d1130561}</UniqueIdentifier>
    </Filter>
  </ItemGroup>
  <ItemGroup>
    <CopyFileToFolders Include="JsonTable.json">
      <Filter>JSONs</Filter>
    </CopyFileToFolders>
    <CopyFileToFolders Include="JsonInteger.json">
      <Filter>JSONs</Filter>
    </CopyFileToFolders>
    <CopyFileToFolders Include="TestAction.json">
      <Filter>JSONs</Filter>
    </CopyFileToFolders>
    <CopyFileToFolders Include="TestEntity.json">
      <Filter>JSONs</Filter>
    </CopyFileToFolders>
    <CopyFileToFolders Include="TestDestroyAction.json">
      <Filter>JSONs</Filter>
    </CopyFileToFolders>
    <CopyFileToFolders Include="TestActionIf.json">
      <Filter>JSONs</Filter>
    </CopyFileToFolders>
  </ItemGroup>
</Project>